
Microsoft Visual Studio Solution File, Format Version 12.00
# Visual Studio 15
Project("{FAE04EC0-301F-11D3-BF4B-00C04F79EFBC}") = "wall2", "wall2.csproj", "{6776B9DD-B1A6-244E-95EE-9F89FC3B4C83}"
EndProject
Project("{FAE04EC0-301F-11D3-BF4B-00C04F79EFBC}") = "wall2.Editor", "wall2.Editor.csproj", "{39ECD220-EFE5-58D0-CDBA-48400F6A84D2}"
EndProject
Global
	GlobalSection(SolutionConfigurationPlatforms) = preSolution
		Debug|Any CPU = Debug|Any CPU
		Release|Any CPU = Release|Any CPU
	EndGlobalSection
	GlobalSection(ProjectConfigurationPlatforms) = postSolution
		{6776B9DD-B1A6-244E-95EE-9F89FC3B4C83}.Debug|Any CPU.ActiveCfg = Debug|Any CPU
		{6776B9DD-B1A6-244E-95EE-9F89FC3B4C83}.Debug|Any CPU.Build.0 = Debug|Any CPU
		{6776B9DD-B1A6-244E-95EE-9F89FC3B4C83}.Release|Any CPU.ActiveCfg = Release|Any CPU
		{6776B9DD-B1A6-244E-95EE-9F89FC3B4C83}.Release|Any CPU.Build.0 = Release|Any CPU
		{39ECD220-EFE5-58D0-CDBA-48400F6A84D2}.Debug|Any CPU.ActiveCfg = Debug|Any CPU
		{39ECD220-EFE5-58D0-CDBA-48400F6A84D2}.Debug|Any CPU.Build.0 = Debug|Any CPU
		{39ECD220-EFE5-58D0-CDBA-48400F6A84D2}.Release|Any CPU.ActiveCfg = Release|Any CPU
		{39ECD220-EFE5-58D0-CDBA-48400F6A84D2}.Release|Any CPU.Build.0 = Release|Any CPU
	EndGlobalSection
	GlobalSection(SolutionProperties) = preSolution
		HideSolutionNode = FALSE
	EndGlobalSection
EndGlobal
